
Microsoft Visual Studio Solution File, Format Version 12.00
# Visual Studio 15
VisualStudioVersion = 15.0.27703.2018
MinimumVisualStudioVersion = 10.0.40219.1
Project("{FAE04EC0-301F-11D3-BF4B-00C04F79EFBC}") = "ex1.3", "ex1.3\ex1.3.csproj", "{968EC618-F019-4FFF-BC75-2D995EE9C455}"
EndProject
Global
	GlobalSection(SolutionConfigurationPlatforms) = preSolution
		Debug|Any CPU = Debug|Any CPU
		Release|Any CPU = Release|Any CPU
	EndGlobalSection
	GlobalSection(ProjectConfigurationPlatforms) = postSolution
		{968EC618-F019-4FFF-BC75-2D995EE9C455}.Debug|Any CPU.ActiveCfg = Debug|Any CPU
		{968EC618-F019-4FFF-BC75-2D995EE9C455}.Debug|Any CPU.Build.0 = Debug|Any CPU
		{968EC618-F019-4FFF-BC75-2D995EE9C455}.Release|Any CPU.ActiveCfg = Release|Any CPU
		{968EC618-F019-4FFF-BC75-2D995EE9C455}.Release|Any CPU.Build.0 = Release|Any CPU
	EndGlobalSection
	GlobalSection(SolutionProperties) = preSolution
		HideSolutionNode = FALSE
	EndGlobalSection
	GlobalSection(ExtensibilityGlobals) = postSolution
		SolutionGuid = {9D809EE3-1BF5-45FF-B412-983AA0284106}
	EndGlobalSection
EndGlobal
